
Microsoft Visual Studio Solution File, Format Version 12.00
# Visual Studio 2013
VisualStudioVersion = 12.0.31101.0
MinimumVisualStudioVersion = 10.0.40219.1
Project("{FAE04EC0-301F-11D3-BF4B-00C04F79EFBC}") = "VikingFS", "VikingFS\VikingFS.csproj", "{F2509148-42A8-4A79-835F-A342C6069B6A}"
EndProject
Project("{FAE04EC0-301F-11D3-BF4B-00C04F79EFBC}") = "EmptyAddin", "VikingAddin\EmptyAddin.csproj", "{A415C9E9-7199-42F7-941D-BBA0917066F8}"
EndProject
Global
	GlobalSection(SolutionConfigurationPlatforms) = preSolution
		Debug|Any CPU = Debug|Any CPU
		Release|Any CPU = Release|Any CPU
	EndGlobalSection
	GlobalSection(ProjectConfigurationPlatforms) = postSolution
		{F2509148-42A8-4A79-835F-A342C6069B6A}.Debug|Any CPU.ActiveCfg = Debug|Any CPU
		{F2509148-42A8-4A79-835F-A342C6069B6A}.Debug|Any CPU.Build.0 = Debug|Any CPU
		{F2509148-42A8-4A79-835F-A342C6069B6A}.Release|Any CPU.ActiveCfg = Release|Any CPU
		{F2509148-42A8-4A79-835F-A342C6069B6A}.Release|Any CPU.Build.0 = Release|Any CPU
		{A415C9E9-7199-42F7-941D-BBA0917066F8}.Debug|Any CPU.ActiveCfg = Debug|Any CPU
		{A415C9E9-7199-42F7-941D-BBA0917066F8}.Debug|Any CPU.Build.0 = Debug|Any CPU
		{A415C9E9-7199-42F7-941D-BBA0917066F8}.Release|Any CPU.ActiveCfg = Release|Any CPU
		{A415C9E9-7199-42F7-941D-BBA0917066F8}.Release|Any CPU.Build.0 = Release|Any CPU
	EndGlobalSection
	GlobalSection(SolutionProperties) = preSolution
		HideSolutionNode = FALSE
	EndGlobalSection
EndGlobal
